
Microsoft Visual Studio Solution File, Format Version 12.00
# Visual Studio 2012
Project("{FAE04EC0-301F-11D3-BF4B-00C04F79EFBC}") = "NAuthorize", "NAuthorize\NAuthorize.csproj", "{D430967A-8066-43DE-9458-A674FE998374}"
EndProject
Project("{FAE04EC0-301F-11D3-BF4B-00C04F79EFBC}") = "NAuthorize.Application", "NAuthorize.Application\NAuthorize.Application.csproj", "{D34C080C-0691-4344-BACB-E39481455E54}"
EndProject
Project("{FAE04EC0-301F-11D3-BF4B-00C04F79EFBC}") = "NAuthorize.Messaging", "NAuthorize.Messaging\NAuthorize.Messaging.csproj", "{42B9B4AB-2B46-41AE-9850-E090B6FBC815}"
EndProject
Project("{FAE04EC0-301F-11D3-BF4B-00C04F79EFBC}") = "NAuthorize.Importer", "NAuthorize.Importer\NAuthorize.Importer.csproj", "{AEED6F06-5932-450E-A41B-FC6129113FC1}"
EndProject
Project("{FAE04EC0-301F-11D3-BF4B-00C04F79EFBC}") = "NAuthorize.Tests", "NAuthorize.Tests\NAuthorize.Tests.csproj", "{E4AFD0FA-AF4E-4ED6-B239-1D9D44886FA9}"
EndProject
Global
	GlobalSection(SolutionConfigurationPlatforms) = preSolution
		Debug|Any CPU = Debug|Any CPU
		Release|Any CPU = Release|Any CPU
	EndGlobalSection
	GlobalSection(ProjectConfigurationPlatforms) = postSolution
		{D430967A-8066-43DE-9458-A674FE998374}.Debug|Any CPU.ActiveCfg = Debug|Any CPU
		{D430967A-8066-43DE-9458-A674FE998374}.Debug|Any CPU.Build.0 = Debug|Any CPU
		{D430967A-8066-43DE-9458-A674FE998374}.Release|Any CPU.ActiveCfg = Release|Any CPU
		{D430967A-8066-43DE-9458-A674FE998374}.Release|Any CPU.Build.0 = Release|Any CPU
		{D34C080C-0691-4344-BACB-E39481455E54}.Debug|Any CPU.ActiveCfg = Debug|Any CPU
		{D34C080C-0691-4344-BACB-E39481455E54}.Debug|Any CPU.Build.0 = Debug|Any CPU
		{D34C080C-0691-4344-BACB-E39481455E54}.Release|Any CPU.ActiveCfg = Release|Any CPU
		{D34C080C-0691-4344-BACB-E39481455E54}.Release|Any CPU.Build.0 = Release|Any CPU
		{42B9B4AB-2B46-41AE-9850-E090B6FBC815}.Debug|Any CPU.ActiveCfg = Debug|Any CPU
		{42B9B4AB-2B46-41AE-9850-E090B6FBC815}.Debug|Any CPU.Build.0 = Debug|Any CPU
		{42B9B4AB-2B46-41AE-9850-E090B6FBC815}.Release|Any CPU.ActiveCfg = Release|Any CPU
		{42B9B4AB-2B46-41AE-9850-E090B6FBC815}.Release|Any CPU.Build.0 = Release|Any CPU
		{AEED6F06-5932-450E-A41B-FC6129113FC1}.Debug|Any CPU.ActiveCfg = Debug|Any CPU
		{AEED6F06-5932-450E-A41B-FC6129113FC1}.Debug|Any CPU.Build.0 = Debug|Any CPU
		{AEED6F06-5932-450E-A41B-FC6129113FC1}.Release|Any CPU.ActiveCfg = Release|Any CPU
		{AEED6F06-5932-450E-A41B-FC6129113FC1}.Release|Any CPU.Build.0 = Release|Any CPU
		{E4AFD0FA-AF4E-4ED6-B239-1D9D44886FA9}.Debug|Any CPU.ActiveCfg = Debug|Any CPU
		{E4AFD0FA-AF4E-4ED6-B239-1D9D44886FA9}.Debug|Any CPU.Build.0 = Debug|Any CPU
		{E4AFD0FA-AF4E-4ED6-B239-1D9D44886FA9}.Release|Any CPU.ActiveCfg = Release|Any CPU
		{E4AFD0FA-AF4E-4ED6-B239-1D9D44886FA9}.Release|Any CPU.Build.0 = Release|Any CPU
	EndGlobalSection
	GlobalSection(SolutionProperties) = preSolution
		HideSolutionNode = FALSE
	EndGlobalSection
EndGlobal
